
Microsoft Visual Studio Solution File, Format Version 12.00
# Visual Studio Version 17
VisualStudioVersion = 17.0.32112.339
MinimumVisualStudioVersion = 10.0.40219.1
Project("{9A19103F-16F7-4668-BE54-9A1E7A4F7556}") = "Crystal.Abstraction", "Crystal.Abstraction\Crystal.Abstraction.csproj", "{5E283ECD-28B8-46EA-B132-6C1A753833C8}"
EndProject
Project("{FAE04EC0-301F-11D3-BF4B-00C04F79EFBC}") = "Crystal.Container", "Crystal.Container\Crystal.Container.csproj", "{6B7E79C8-83A1-4706-90BC-28130B49EED7}"
EndProject
Global
	GlobalSection(SolutionConfigurationPlatforms) = preSolution
		Debug|Any CPU = Debug|Any CPU
		Release|Any CPU = Release|Any CPU
	EndGlobalSection
	GlobalSection(ProjectConfigurationPlatforms) = postSolution
		{5E283ECD-28B8-46EA-B132-6C1A753833C8}.Debug|Any CPU.ActiveCfg = Debug|Any CPU
		{5E283ECD-28B8-46EA-B132-6C1A753833C8}.Debug|Any CPU.Build.0 = Debug|Any CPU
		{5E283ECD-28B8-46EA-B132-6C1A753833C8}.Release|Any CPU.ActiveCfg = Release|Any CPU
		{5E283ECD-28B8-46EA-B132-6C1A753833C8}.Release|Any CPU.Build.0 = Release|Any CPU
		{6B7E79C8-83A1-4706-90BC-28130B49EED7}.Debug|Any CPU.ActiveCfg = Debug|Any CPU
		{6B7E79C8-83A1-4706-90BC-28130B49EED7}.Debug|Any CPU.Build.0 = Debug|Any CPU
		{6B7E79C8-83A1-4706-90BC-28130B49EED7}.Release|Any CPU.ActiveCfg = Release|Any CPU
		{6B7E79C8-83A1-4706-90BC-28130B49EED7}.Release|Any CPU.Build.0 = Release|Any CPU
	EndGlobalSection
	GlobalSection(SolutionProperties) = preSolution
		HideSolutionNode = FALSE
	EndGlobalSection
	GlobalSection(ExtensibilityGlobals) = postSolution
		SolutionGuid = {209B27BF-36C9-465E-B1F4-668AE6A7C627}
	EndGlobalSection
EndGlobal
